
Microsoft Visual Studio Solution File, Format Version 12.00
# Visual Studio Version 17
VisualStudioVersion = 17.6.33723.286
MinimumVisualStudioVersion = 10.0.40219.1
Project("{FAE04EC0-301F-11D3-BF4B-00C04F79EFBC}") = "consumindoApiPaises", "consumindoApiPaises.csproj", "{4AFB7B03-A8AC-4134-8592-DF4E4387D5CC}"
EndProject
Global
	GlobalSection(SolutionConfigurationPlatforms) = preSolution
		Debug|Any CPU = Debug|Any CPU
		Release|Any CPU = Release|Any CPU
	EndGlobalSection
	GlobalSection(ProjectConfigurationPlatforms) = postSolution
		{4AFB7B03-A8AC-4134-8592-DF4E4387D5CC}.Debug|Any CPU.ActiveCfg = Debug|Any CPU
		{4AFB7B03-A8AC-4134-8592-DF4E4387D5CC}.Debug|Any CPU.Build.0 = Debug|Any CPU
		{4AFB7B03-A8AC-4134-8592-DF4E4387D5CC}.Release|Any CPU.ActiveCfg = Release|Any CPU
		{4AFB7B03-A8AC-4134-8592-DF4E4387D5CC}.Release|Any CPU.Build.0 = Release|Any CPU
	EndGlobalSection
	GlobalSection(SolutionProperties) = preSolution
		HideSolutionNode = FALSE
	EndGlobalSection
	GlobalSection(ExtensibilityGlobals) = postSolution
		SolutionGuid = {B76FFD3A-D48D-4584-93E9-90451888AF00}
	EndGlobalSection
EndGlobal
