
Microsoft Visual Studio Solution File, Format Version 12.00
# Visual Studio Version 17
VisualStudioVersion = 17.4.33205.214
MinimumVisualStudioVersion = 10.0.40219.1
Project("{FAE04EC0-301F-11D3-BF4B-00C04F79EFBC}") = "exec_parametroOpcionsl", "exec_parametroOpcionsl.csproj", "{C035E25B-EC47-4B81-9F63-E633F74D2811}"
EndProject
Global
	GlobalSection(SolutionConfigurationPlatforms) = preSolution
		Debug|Any CPU = Debug|Any CPU
		Release|Any CPU = Release|Any CPU
	EndGlobalSection
	GlobalSection(ProjectConfigurationPlatforms) = postSolution
		{C035E25B-EC47-4B81-9F63-E633F74D2811}.Debug|Any CPU.ActiveCfg = Debug|Any CPU
		{C035E25B-EC47-4B81-9F63-E633F74D2811}.Debug|Any CPU.Build.0 = Debug|Any CPU
		{C035E25B-EC47-4B81-9F63-E633F74D2811}.Release|Any CPU.ActiveCfg = Release|Any CPU
		{C035E25B-EC47-4B81-9F63-E633F74D2811}.Release|Any CPU.Build.0 = Release|Any CPU
	EndGlobalSection
	GlobalSection(SolutionProperties) = preSolution
		HideSolutionNode = FALSE
	EndGlobalSection
	GlobalSection(ExtensibilityGlobals) = postSolution
		SolutionGuid = {8FB376D6-BBF4-4D4B-B551-A43F71FF3AD0}
	EndGlobalSection
EndGlobal
