
Microsoft Visual Studio Solution File, Format Version 12.00
# Visual Studio Version 17
VisualStudioVersion = 17.4.33205.214
MinimumVisualStudioVersion = 10.0.40219.1
Project("{FAE04EC0-301F-11D3-BF4B-00C04F79EFBC}") = "exec_funcionario", "exec_funcionario.csproj", "{687E586C-E454-4984-B8E1-5A769AE7F1B2}"
EndProject
Global
	GlobalSection(SolutionConfigurationPlatforms) = preSolution
		Debug|Any CPU = Debug|Any CPU
		Release|Any CPU = Release|Any CPU
	EndGlobalSection
	GlobalSection(ProjectConfigurationPlatforms) = postSolution
		{687E586C-E454-4984-B8E1-5A769AE7F1B2}.Debug|Any CPU.ActiveCfg = Debug|Any CPU
		{687E586C-E454-4984-B8E1-5A769AE7F1B2}.Debug|Any CPU.Build.0 = Debug|Any CPU
		{687E586C-E454-4984-B8E1-5A769AE7F1B2}.Release|Any CPU.ActiveCfg = Release|Any CPU
		{687E586C-E454-4984-B8E1-5A769AE7F1B2}.Release|Any CPU.Build.0 = Release|Any CPU
	EndGlobalSection
	GlobalSection(SolutionProperties) = preSolution
		HideSolutionNode = FALSE
	EndGlobalSection
	GlobalSection(ExtensibilityGlobals) = postSolution
		SolutionGuid = {C950812D-3F26-4A0F-ABC3-2CED3B8E2C06}
	EndGlobalSection
EndGlobal
