
Microsoft Visual Studio Solution File, Format Version 12.00
# Visual Studio Version 17
VisualStudioVersion = 17.4.33205.214
MinimumVisualStudioVersion = 10.0.40219.1
Project("{FAE04EC0-301F-11D3-BF4B-00C04F79EFBC}") = "exec_lendoArquivosPorLinha", "exec_lendoArquivosPorLinha.csproj", "{4E37BC1D-0D6B-4F13-9DE2-8729A0A9A0AF}"
EndProject
Global
	GlobalSection(SolutionConfigurationPlatforms) = preSolution
		Debug|Any CPU = Debug|Any CPU
		Release|Any CPU = Release|Any CPU
	EndGlobalSection
	GlobalSection(ProjectConfigurationPlatforms) = postSolution
		{4E37BC1D-0D6B-4F13-9DE2-8729A0A9A0AF}.Debug|Any CPU.ActiveCfg = Debug|Any CPU
		{4E37BC1D-0D6B-4F13-9DE2-8729A0A9A0AF}.Debug|Any CPU.Build.0 = Debug|Any CPU
		{4E37BC1D-0D6B-4F13-9DE2-8729A0A9A0AF}.Release|Any CPU.ActiveCfg = Release|Any CPU
		{4E37BC1D-0D6B-4F13-9DE2-8729A0A9A0AF}.Release|Any CPU.Build.0 = Release|Any CPU
	EndGlobalSection
	GlobalSection(SolutionProperties) = preSolution
		HideSolutionNode = FALSE
	EndGlobalSection
	GlobalSection(ExtensibilityGlobals) = postSolution
		SolutionGuid = {7698A8D4-DF15-4436-9338-1062F8D3B44E}
	EndGlobalSection
EndGlobal
