
Microsoft Visual Studio Solution File, Format Version 12.00
# Visual Studio Version 17
VisualStudioVersion = 17.4.33205.214
MinimumVisualStudioVersion = 10.0.40219.1
Project("{FAE04EC0-301F-11D3-BF4B-00C04F79EFBC}") = "exec_datasArquivo", "exec_datasArquivo.csproj", "{1941562A-8530-4EBE-AF97-415E6C5DF6DA}"
EndProject
Global
	GlobalSection(SolutionConfigurationPlatforms) = preSolution
		Debug|Any CPU = Debug|Any CPU
		Release|Any CPU = Release|Any CPU
	EndGlobalSection
	GlobalSection(ProjectConfigurationPlatforms) = postSolution
		{1941562A-8530-4EBE-AF97-415E6C5DF6DA}.Debug|Any CPU.ActiveCfg = Debug|Any CPU
		{1941562A-8530-4EBE-AF97-415E6C5DF6DA}.Debug|Any CPU.Build.0 = Debug|Any CPU
		{1941562A-8530-4EBE-AF97-415E6C5DF6DA}.Release|Any CPU.ActiveCfg = Release|Any CPU
		{1941562A-8530-4EBE-AF97-415E6C5DF6DA}.Release|Any CPU.Build.0 = Release|Any CPU
	EndGlobalSection
	GlobalSection(SolutionProperties) = preSolution
		HideSolutionNode = FALSE
	EndGlobalSection
	GlobalSection(ExtensibilityGlobals) = postSolution
		SolutionGuid = {E8D0B9F1-5A54-4E94-9606-258529235BC9}
	EndGlobalSection
EndGlobal
