
Microsoft Visual Studio Solution File, Format Version 12.00
# Visual Studio Version 17
VisualStudioVersion = 17.7.34003.232
MinimumVisualStudioVersion = 10.0.40219.1
Project("{FAE04EC0-301F-11D3-BF4B-00C04F79EFBC}") = "APIs_teste", "APIs_teste\APIs_teste.csproj", "{393F4837-54B3-496B-86F8-1A9D2D09FE1D}"
EndProject
Global
	GlobalSection(SolutionConfigurationPlatforms) = preSolution
		Debug|Any CPU = Debug|Any CPU
		Release|Any CPU = Release|Any CPU
	EndGlobalSection
	GlobalSection(ProjectConfigurationPlatforms) = postSolution
		{393F4837-54B3-496B-86F8-1A9D2D09FE1D}.Debug|Any CPU.ActiveCfg = Debug|Any CPU
		{393F4837-54B3-496B-86F8-1A9D2D09FE1D}.Debug|Any CPU.Build.0 = Debug|Any CPU
		{393F4837-54B3-496B-86F8-1A9D2D09FE1D}.Release|Any CPU.ActiveCfg = Release|Any CPU
		{393F4837-54B3-496B-86F8-1A9D2D09FE1D}.Release|Any CPU.Build.0 = Release|Any CPU
	EndGlobalSection
	GlobalSection(SolutionProperties) = preSolution
		HideSolutionNode = FALSE
	EndGlobalSection
	GlobalSection(ExtensibilityGlobals) = postSolution
		SolutionGuid = {380E2B24-B464-445E-AA85-AEFDA550F9E0}
	EndGlobalSection
EndGlobal
