
Microsoft Visual Studio Solution File, Format Version 12.00
# Visual Studio Version 17
VisualStudioVersion = 17.7.34003.232
MinimumVisualStudioVersion = 10.0.40219.1
Project("{FAE04EC0-301F-11D3-BF4B-00C04F79EFBC}") = "ArquivoTextoIP10seg", "ArquivoTextoIP10seg\ArquivoTextoIP10seg.csproj", "{14D3C720-D94A-4A13-9023-43B13B153EDA}"
EndProject
Global
	GlobalSection(SolutionConfigurationPlatforms) = preSolution
		Debug|Any CPU = Debug|Any CPU
		Release|Any CPU = Release|Any CPU
	EndGlobalSection
	GlobalSection(ProjectConfigurationPlatforms) = postSolution
		{14D3C720-D94A-4A13-9023-43B13B153EDA}.Debug|Any CPU.ActiveCfg = Debug|Any CPU
		{14D3C720-D94A-4A13-9023-43B13B153EDA}.Debug|Any CPU.Build.0 = Debug|Any CPU
		{14D3C720-D94A-4A13-9023-43B13B153EDA}.Release|Any CPU.ActiveCfg = Release|Any CPU
		{14D3C720-D94A-4A13-9023-43B13B153EDA}.Release|Any CPU.Build.0 = Release|Any CPU
	EndGlobalSection
	GlobalSection(SolutionProperties) = preSolution
		HideSolutionNode = FALSE
	EndGlobalSection
	GlobalSection(ExtensibilityGlobals) = postSolution
		SolutionGuid = {472BC1D6-2316-43D0-8CB0-F846AED99E17}
	EndGlobalSection
EndGlobal
