
Microsoft Visual Studio Solution File, Format Version 12.00
# Visual Studio Version 17
VisualStudioVersion = 17.4.33205.214
MinimumVisualStudioVersion = 10.0.40219.1
Project("{FAE04EC0-301F-11D3-BF4B-00C04F79EFBC}") = "exec_numerosInteiros", "exec_numerosInteiros.csproj", "{98272548-F0E5-42B6-A31F-26EADD6ABD13}"
EndProject
Global
	GlobalSection(SolutionConfigurationPlatforms) = preSolution
		Debug|Any CPU = Debug|Any CPU
		Release|Any CPU = Release|Any CPU
	EndGlobalSection
	GlobalSection(ProjectConfigurationPlatforms) = postSolution
		{98272548-F0E5-42B6-A31F-26EADD6ABD13}.Debug|Any CPU.ActiveCfg = Debug|Any CPU
		{98272548-F0E5-42B6-A31F-26EADD6ABD13}.Debug|Any CPU.Build.0 = Debug|Any CPU
		{98272548-F0E5-42B6-A31F-26EADD6ABD13}.Release|Any CPU.ActiveCfg = Release|Any CPU
		{98272548-F0E5-42B6-A31F-26EADD6ABD13}.Release|Any CPU.Build.0 = Release|Any CPU
	EndGlobalSection
	GlobalSection(SolutionProperties) = preSolution
		HideSolutionNode = FALSE
	EndGlobalSection
	GlobalSection(ExtensibilityGlobals) = postSolution
		SolutionGuid = {87D53899-F971-4FB2-903D-AA7D5E421BD9}
	EndGlobalSection
EndGlobal
