
Microsoft Visual Studio Solution File, Format Version 12.00
# Visual Studio Version 17
VisualStudioVersion = 17.6.33723.286
MinimumVisualStudioVersion = 10.0.40219.1
Project("{FAE04EC0-301F-11D3-BF4B-00C04F79EFBC}") = "consumindoApiRestSharp", "consumindoApiRestSharp.csproj", "{6F2C7311-0E63-44A9-B480-22429DDB0EDD}"
EndProject
Global
	GlobalSection(SolutionConfigurationPlatforms) = preSolution
		Debug|Any CPU = Debug|Any CPU
		Release|Any CPU = Release|Any CPU
	EndGlobalSection
	GlobalSection(ProjectConfigurationPlatforms) = postSolution
		{6F2C7311-0E63-44A9-B480-22429DDB0EDD}.Debug|Any CPU.ActiveCfg = Debug|Any CPU
		{6F2C7311-0E63-44A9-B480-22429DDB0EDD}.Debug|Any CPU.Build.0 = Debug|Any CPU
		{6F2C7311-0E63-44A9-B480-22429DDB0EDD}.Release|Any CPU.ActiveCfg = Release|Any CPU
		{6F2C7311-0E63-44A9-B480-22429DDB0EDD}.Release|Any CPU.Build.0 = Release|Any CPU
	EndGlobalSection
	GlobalSection(SolutionProperties) = preSolution
		HideSolutionNode = FALSE
	EndGlobalSection
	GlobalSection(ExtensibilityGlobals) = postSolution
		SolutionGuid = {E65DCB24-F3A8-475F-9054-7A57E454435C}
	EndGlobalSection
EndGlobal
