
Microsoft Visual Studio Solution File, Format Version 12.00
# Visual Studio Version 17
VisualStudioVersion = 17.7.34003.232
MinimumVisualStudioVersion = 10.0.40219.1
Project("{FAE04EC0-301F-11D3-BF4B-00C04F79EFBC}") = "API_coinbase", "API_coinbase\API_coinbase.csproj", "{B029A9E0-4F4C-4EFC-B6E6-3C853A45D39F}"
EndProject
Global
	GlobalSection(SolutionConfigurationPlatforms) = preSolution
		Debug|Any CPU = Debug|Any CPU
		Release|Any CPU = Release|Any CPU
	EndGlobalSection
	GlobalSection(ProjectConfigurationPlatforms) = postSolution
		{B029A9E0-4F4C-4EFC-B6E6-3C853A45D39F}.Debug|Any CPU.ActiveCfg = Debug|Any CPU
		{B029A9E0-4F4C-4EFC-B6E6-3C853A45D39F}.Debug|Any CPU.Build.0 = Debug|Any CPU
		{B029A9E0-4F4C-4EFC-B6E6-3C853A45D39F}.Release|Any CPU.ActiveCfg = Release|Any CPU
		{B029A9E0-4F4C-4EFC-B6E6-3C853A45D39F}.Release|Any CPU.Build.0 = Release|Any CPU
	EndGlobalSection
	GlobalSection(SolutionProperties) = preSolution
		HideSolutionNode = FALSE
	EndGlobalSection
	GlobalSection(ExtensibilityGlobals) = postSolution
		SolutionGuid = {8FE03622-5B82-4129-BEE2-8A0D0C12BBA3}
	EndGlobalSection
EndGlobal
