
Microsoft Visual Studio Solution File, Format Version 12.00
# Visual Studio Version 17
VisualStudioVersion = 17.4.33205.214
MinimumVisualStudioVersion = 10.0.40219.1
Project("{FAE04EC0-301F-11D3-BF4B-00C04F79EFBC}") = "exec_salario", "exec_salario\exec_salario.csproj", "{695B1A5E-D19B-4C5D-8039-575E0001CDA0}"
EndProject
Global
	GlobalSection(SolutionConfigurationPlatforms) = preSolution
		Debug|Any CPU = Debug|Any CPU
		Release|Any CPU = Release|Any CPU
	EndGlobalSection
	GlobalSection(ProjectConfigurationPlatforms) = postSolution
		{695B1A5E-D19B-4C5D-8039-575E0001CDA0}.Debug|Any CPU.ActiveCfg = Debug|Any CPU
		{695B1A5E-D19B-4C5D-8039-575E0001CDA0}.Debug|Any CPU.Build.0 = Debug|Any CPU
		{695B1A5E-D19B-4C5D-8039-575E0001CDA0}.Release|Any CPU.ActiveCfg = Release|Any CPU
		{695B1A5E-D19B-4C5D-8039-575E0001CDA0}.Release|Any CPU.Build.0 = Release|Any CPU
	EndGlobalSection
	GlobalSection(SolutionProperties) = preSolution
		HideSolutionNode = FALSE
	EndGlobalSection
	GlobalSection(ExtensibilityGlobals) = postSolution
		SolutionGuid = {CC66A413-F9AC-4FE8-A419-2E9FFA2B9B0E}
	EndGlobalSection
EndGlobal
